{
  "version": 4,
  "terraform_version": "1.2.9",
  "serial": 1043,
  "lineage": "7e01fe3a-661d-5070-e223-a290e59a4eff",
  "outputs": {},
  "resources": [
    {
      "mode": "data",
      "type": "aws_ami",
      "name": "ami_linux",
      "provider": "provider[\"registry.terraform.io/hashicorp/aws\"]",
      "instances": [
        {
          "schema_version": 0,
          "attributes": {
            "architecture": "x86_64",
            "arn": "arn:aws:ec2:us-east-1::image/ami-05ade5d40b1a76a54",
            "block_device_mappings": [
              {
                "device_name": "/dev/xvda",
                "ebs": {
                  "delete_on_termination": "true",
                  "encrypted": "false",
                  "iops": "0",
                  "snapshot_id": "snap-06aced88025cdb053",
                  "throughput": "0",
                  "volume_size": "8",
                  "volume_type": "gp2"
                },
                "no_device": "",
                "virtual_name": ""
              }
            ],
            "boot_mode": "",
            "creation_date": "2024-05-21T23:43:21.000Z",
            "deprecation_time": "2025-07-01T00:00:00.000Z",
            "description": "Amazon Linux 2 AMI 2.0.20240521.0 x86_64 HVM gp2",
            "ena_support": true,
            "executable_users": null,
            "filter": [
              {
                "name": "architecture",
                "values": [
                  "x86_64"
                ]
              },
              {
                "name": "name",
                "values": [
                  "amzn2-ami-hvm*"
                ]
              },
              {
                "name": "root-device-type",
                "values": [
                  "ebs"
                ]
              }
            ],
            "hypervisor": "xen",
            "id": "ami-05ade5d40b1a76a54",
            "image_id": "ami-05ade5d40b1a76a54",
            "image_location": "amazon/amzn2-ami-hvm-2.0.20240521.0-x86_64-gp2",
            "image_owner_alias": "amazon",
            "image_type": "machine",
            "imds_support": "",
            "include_deprecated": false,
            "kernel_id": "",
            "most_recent": true,
            "name": "amzn2-ami-hvm-2.0.20240521.0-x86_64-gp2",
            "name_regex": null,
            "owner_id": "137112412989",
            "owners": [
              "amazon"
            ],
            "platform": "",
            "platform_details": "Linux/UNIX",
            "product_codes": [],
            "public": true,
            "ramdisk_id": "",
            "root_device_name": "/dev/xvda",
            "root_device_type": "ebs",
            "root_snapshot_id": "snap-06aced88025cdb053",
            "sriov_net_support": "simple",
            "state": "available",
            "state_reason": {
              "code": "UNSET",
              "message": "UNSET"
            },
            "tags": {},
            "timeouts": null,
            "tpm_support": "",
            "usage_operation": "RunInstances",
            "virtualization_type": "hvm"
          },
          "sensitive_attributes": []
        }
      ]
    },
    {
      "mode": "data",
      "type": "aws_ami",
      "name": "ftdv",
      "provider": "provider[\"registry.terraform.io/hashicorp/aws\"]",
      "instances": [
        {
          "schema_version": 0,
          "attributes": {
            "architecture": "x86_64",
            "arn": "arn:aws:ec2:us-east-1::image/ami-00f418ce6049ff4f7",
            "block_device_mappings": [
              {
                "device_name": "/dev/xvda",
                "ebs": {
                  "delete_on_termination": "true",
                  "encrypted": "false",
                  "iops": "0",
                  "snapshot_id": "snap-0f77e6b8fa03c62c2",
                  "throughput": "0",
                  "volume_size": "52",
                  "volume_type": "gp2"
                },
                "no_device": "",
                "virtual_name": ""
              }
            ],
            "boot_mode": "",
            "creation_date": "2024-04-30T09:15:29.000Z",
            "deprecation_time": "2026-04-30T09:15:29.000Z",
            "description": "[Copied ami-0f14eb2fb91b2b91c from us-east-1] ftdv-7.2.7-500-ENA",
            "ena_support": true,
            "executable_users": null,
            "filter": [
              {
                "name": "name",
                "values": [
                  "ftdv-7.2*"
                ]
              },
              {
                "name": "product-code",
                "values": [
                  "a8sxy6easi2zumgtyr564z6y7"
                ]
              }
            ],
            "hypervisor": "xen",
            "id": "ami-00f418ce6049ff4f7",
            "image_id": "ami-00f418ce6049ff4f7",
            "image_location": "aws-marketplace/ftdv-7.2.7-500-ENA-ad0af76e-c569-4a81-84d0-cff2308179ef",
            "image_owner_alias": "aws-marketplace",
            "image_type": "machine",
            "imds_support": "",
            "include_deprecated": false,
            "kernel_id": "",
            "most_recent": true,
            "name": "ftdv-7.2.7-500-ENA-ad0af76e-c569-4a81-84d0-cff2308179ef",
            "name_regex": null,
            "owner_id": "679593333241",
            "owners": [
              "679593333241"
            ],
            "platform": "",
            "platform_details": "Linux/UNIX",
            "product_codes": [
              {
                "product_code_id": "a8sxy6easi2zumgtyr564z6y7",
                "product_code_type": "marketplace"
              }
            ],
            "public": true,
            "ramdisk_id": "",
            "root_device_name": "/dev/xvda",
            "root_device_type": "ebs",
            "root_snapshot_id": "snap-0f77e6b8fa03c62c2",
            "sriov_net_support": "simple",
            "state": "available",
            "state_reason": {
              "code": "UNSET",
              "message": "UNSET"
            },
            "tags": {},
            "timeouts": null,
            "tpm_support": "",
            "usage_operation": "RunInstances",
            "virtualization_type": "hvm"
          },
          "sensitive_attributes": []
        }
      ]
    },
    {
      "mode": "data",
      "type": "fmc_ips_policies",
      "name": "ips_policy",
      "provider": "provider[\"registry.terraform.io/ciscodevnet/fmc\"]",
      "instances": [
        {
          "schema_version": 0,
          "attributes": {
            "id": "0f9e8294-d03d-5b1f-a70c-549ca9213405",
            "name": "Security Over Connectivity",
            "type": "intrusionpolicy"
          },
          "sensitive_attributes": []
        }
      ]
    },
    {
      "mode": "data",
      "type": "fmc_port_objects",
      "name": "http",
      "provider": "provider[\"registry.terraform.io/ciscodevnet/fmc\"]",
      "instances": [
        {
          "schema_version": 0,
          "attributes": {
            "id": "18312adc-38bb-11e2-86aa-62f0c593a59a",
            "name": "HTTP",
            "port": "80",
            "protocol": "TCP",
            "type": "ProtocolPortObject"
          },
          "sensitive_attributes": []
        }
      ]
    },
    {
      "mode": "data",
      "type": "fmc_port_objects",
      "name": "https",
      "provider": "provider[\"registry.terraform.io/ciscodevnet/fmc\"]",
      "instances": [
        {
          "schema_version": 0,
          "attributes": {
            "id": "1834bd00-38bb-11e2-86aa-62f0c593a59a",
            "name": "HTTPS",
            "port": "443",
            "protocol": "TCP",
            "type": "ProtocolPortObject"
          },
          "sensitive_attributes": []
        }
      ]
    },
    {
      "mode": "data",
      "type": "fmc_port_objects",
      "name": "ssh",
      "provider": "provider[\"registry.terraform.io/ciscodevnet/fmc\"]",
      "instances": [
        {
          "schema_version": 0,
          "attributes": {
            "id": "1834c890-38bb-11e2-86aa-62f0c593a59a",
            "name": "SSH",
            "port": "22",
            "protocol": "TCP",
            "type": "ProtocolPortObject"
          },
          "sensitive_attributes": []
        }
      ]
    },
    {
      "mode": "managed",
      "type": "aws_eip",
      "name": "ftd-mgmt-EIP",
      "provider": "provider[\"registry.terraform.io/hashicorp/aws\"]",
      "instances": [
        {
          "schema_version": 0,
          "attributes": {
            "address": null,
            "allocation_id": "eipalloc-0be90da0773700a2e",
            "arn": "arn:aws:ec2:us-east-1:471112506928:elastic-ip/eipalloc-0be90da0773700a2e",
            "associate_with_private_ip": null,
            "association_id": "eipassoc-0043e5e0d7f0887d3",
            "carrier_ip": "",
            "customer_owned_ip": "",
            "customer_owned_ipv4_pool": "",
            "domain": "vpc",
            "id": "eipalloc-0be90da0773700a2e",
            "instance": "i-0915f33bee29a55b0",
            "network_border_group": "us-east-1",
            "network_interface": "eni-015efaa90fa53f450",
            "private_dns": "ip-10-0-0-10.ec2.internal",
            "private_ip": "10.0.0.10",
            "ptr_record": "",
            "public_dns": "ec2-18-206-166-102.compute-1.amazonaws.com",
            "public_ip": "18.206.166.102",
            "public_ipv4_pool": "amazon",
            "tags": {
              "Name": "gwlb-test6 Service FTD Mgmt EIP",
              "app": "service"
            },
            "tags_all": {
              "Name": "gwlb-test6 Service FTD Mgmt EIP",
              "app": "service"
            },
            "timeouts": null,
            "vpc": true
          },
          "sensitive_attributes": [],
          "private": "eyJlMmJmYjczMC1lY2FhLTExZTYtOGY4OC0zNDM2M2JjN2M0YzAiOnsiZGVsZXRlIjoxODAwMDAwMDAwMDAsInJlYWQiOjkwMDAwMDAwMDAwMCwidXBkYXRlIjozMDAwMDAwMDAwMDB9fQ==",
          "dependencies": [
            "aws_instance.ftd",
            "aws_internet_gateway.mgmt_igw",
            "aws_key_pair.public_key",
            "aws_network_interface.ftd_ccl",
            "aws_network_interface.ftd_data",
            "aws_network_interface.ftd_diagnostic",
            "aws_network_interface.ftd_management",
            "aws_security_group.data-sg",
            "aws_subnet.ccl_subnet",
            "aws_subnet.data_subnet",
            "aws_subnet.mgmt_subnet",
            "aws_vpc.srvc_vpc",
            "data.aws_ami.ftdv",
            "random_string.id",
            "tls_private_key.key_pair"
          ]
        }
      ]
    },
    {
      "mode": "managed",
      "type": "aws_eip_association",
      "name": "ftd-mgmt-ip-assocation",
      "provider": "provider[\"registry.terraform.io/hashicorp/aws\"]",
      "instances": [
        {
          "schema_version": 0,
          "attributes": {
            "allocation_id": "eipalloc-0be90da0773700a2e",
            "allow_reassociation": null,
            "id": "eipassoc-0043e5e0d7f0887d3",
            "instance_id": "i-0915f33bee29a55b0",
            "network_interface_id": "eni-015efaa90fa53f450",
            "private_ip_address": "10.0.0.10",
            "public_ip": "18.206.166.102"
          },
          "sensitive_attributes": [],
          "private": "bnVsbA==",
          "dependencies": [
            "aws_eip.ftd-mgmt-EIP",
            "aws_instance.ftd",
            "aws_internet_gateway.mgmt_igw",
            "aws_key_pair.public_key",
            "aws_network_interface.ftd_ccl",
            "aws_network_interface.ftd_data",
            "aws_network_interface.ftd_diagnostic",
            "aws_network_interface.ftd_management",
            "aws_security_group.data-sg",
            "aws_subnet.ccl_subnet",
            "aws_subnet.data_subnet",
            "aws_subnet.mgmt_subnet",
            "aws_vpc.srvc_vpc",
            "data.aws_ami.ftdv",
            "random_string.id",
            "tls_private_key.key_pair"
          ]
        }
      ]
    },
    {
      "mode": "managed",
      "type": "aws_instance",
      "name": "app",
      "provider": "provider[\"registry.terraform.io/hashicorp/aws\"]",
      "instances": [
        {
          "schema_version": 1,
          "attributes": {
            "ami": "ami-05ade5d40b1a76a54",
            "arn": "arn:aws:ec2:us-east-1:471112506928:instance/i-040bb92dd1b29d8e1",
            "associate_public_ip_address": true,
            "availability_zone": "us-east-1a",
            "capacity_reservation_specification": [
              {
                "capacity_reservation_preference": "open",
                "capacity_reservation_target": []
              }
            ],
            "cpu_core_count": 1,
            "cpu_options": [
              {
                "amd_sev_snp": "",
                "core_count": 1,
                "threads_per_core": 1
              }
            ],
            "cpu_threads_per_core": 1,
            "credit_specification": [
              {
                "cpu_credits": "standard"
              }
            ],
            "disable_api_stop": false,
            "disable_api_termination": false,
            "ebs_block_device": [],
            "ebs_optimized": false,
            "enclave_options": [
              {
                "enabled": false
              }
            ],
            "ephemeral_block_device": [],
            "get_password_data": false,
            "hibernation": false,
            "host_id": "",
            "host_resource_group_arn": null,
            "iam_instance_profile": "",
            "id": "i-040bb92dd1b29d8e1",
            "instance_initiated_shutdown_behavior": "stop",
            "instance_lifecycle": "",
            "instance_market_options": [],
            "instance_state": "running",
            "instance_type": "t2.micro",
            "ipv6_address_count": 0,
            "ipv6_addresses": [],
            "key_name": "gwlb-test6-0265-key",
            "launch_template": [],
            "maintenance_options": [
              {
                "auto_recovery": "default"
              }
            ],
            "metadata_options": [
              {
                "http_endpoint": "enabled",
                "http_protocol_ipv6": "disabled",
                "http_put_response_hop_limit": 1,
                "http_tokens": "optional",
                "instance_metadata_tags": "disabled"
              }
            ],
            "monitoring": false,
            "network_interface": [],
            "outpost_arn": "",
            "password_data": "",
            "placement_group": "",
            "placement_partition_number": 0,
            "primary_network_interface_id": "eni-0b0c417c548e58bab",
            "private_dns": "ip-10-1-1-100.ec2.internal",
            "private_dns_name_options": [
              {
                "enable_resource_name_dns_a_record": false,
                "enable_resource_name_dns_aaaa_record": false,
                "hostname_type": "ip-name"
              }
            ],
            "private_ip": "10.1.1.100",
            "public_dns": "ec2-3-209-11-240.compute-1.amazonaws.com",
            "public_ip": "3.209.11.240",
            "root_block_device": [
              {
                "delete_on_termination": true,
                "device_name": "/dev/xvda",
                "encrypted": false,
                "iops": 100,
                "kms_key_id": "",
                "tags": {},
                "tags_all": {},
                "throughput": 0,
                "volume_id": "vol-0e00eeb01eecf3732",
                "volume_size": 8,
                "volume_type": "gp2"
              }
            ],
            "secondary_private_ips": [],
            "security_groups": [],
            "source_dest_check": true,
            "spot_instance_request_id": "",
            "subnet_id": "subnet-019af9be7c93d0b18",
            "tags": {
              "Name": "gwlb-test6 App Server"
            },
            "tags_all": {
              "Name": "gwlb-test6 App Server"
            },
            "tenancy": "default",
            "timeouts": null,
            "user_data": null,
            "user_data_base64": null,
            "user_data_replace_on_change": false,
            "volume_tags": null,
            "vpc_security_group_ids": [
              "sg-0b98588fadb13eb89"
            ]
          },
          "sensitive_attributes": [],
          "private": "eyJlMmJmYjczMC1lY2FhLTExZTYtOGY4OC0zNDM2M2JjN2M0YzAiOnsiY3JlYXRlIjo2MDAwMDAwMDAwMDAsImRlbGV0ZSI6MTIwMDAwMDAwMDAwMCwicmVhZCI6OTAwMDAwMDAwMDAwLCJ1cGRhdGUiOjYwMDAwMDAwMDAwMH0sInNjaGVtYV92ZXJzaW9uIjoiMSJ9",
          "dependencies": [
            "aws_key_pair.public_key",
            "aws_security_group.app-sg",
            "aws_subnet.app_subnet",
            "aws_vpc.app_vpc",
            "data.aws_ami.ami_linux",
            "random_string.id",
            "tls_private_key.key_pair"
          ]
        }
      ]
    },
    {
      "mode": "managed",
      "type": "aws_instance",
      "name": "ftd",
      "provider": "provider[\"registry.terraform.io/hashicorp/aws\"]",
      "instances": [
        {
          "schema_version": 1,
          "attributes": {
            "ami": "ami-00f418ce6049ff4f7",
            "arn": "arn:aws:ec2:us-east-1:471112506928:instance/i-0915f33bee29a55b0",
            "associate_public_ip_address": true,
            "availability_zone": "us-east-1a",
            "capacity_reservation_specification": [
              {
                "capacity_reservation_preference": "open",
                "capacity_reservation_target": []
              }
            ],
            "cpu_core_count": 2,
            "cpu_options": [
              {
                "amd_sev_snp": "",
                "core_count": 2,
                "threads_per_core": 2
              }
            ],
            "cpu_threads_per_core": 2,
            "credit_specification": [],
            "disable_api_stop": false,
            "disable_api_termination": false,
            "ebs_block_device": [],
            "ebs_optimized": false,
            "enclave_options": [
              {
                "enabled": false
              }
            ],
            "ephemeral_block_device": [],
            "get_password_data": false,
            "hibernation": false,
            "host_id": "",
            "host_resource_group_arn": null,
            "iam_instance_profile": "",
            "id": "i-0915f33bee29a55b0",
            "instance_initiated_shutdown_behavior": "stop",
            "instance_lifecycle": "",
            "instance_market_options": [],
            "instance_state": "running",
            "instance_type": "c5.xlarge",
            "ipv6_address_count": 0,
            "ipv6_addresses": [],
            "key_name": "gwlb-test6-0265-key",
            "launch_template": [],
            "maintenance_options": [
              {
                "auto_recovery": "default"
              }
            ],
            "metadata_options": [
              {
                "http_endpoint": "enabled",
                "http_protocol_ipv6": "disabled",
                "http_put_response_hop_limit": 1,
                "http_tokens": "optional",
                "instance_metadata_tags": "disabled"
              }
            ],
            "monitoring": false,
            "network_interface": [
              {
                "delete_on_termination": false,
                "device_index": 0,
                "network_card_index": 0,
                "network_interface_id": "eni-015efaa90fa53f450"
              },
              {
                "delete_on_termination": false,
                "device_index": 1,
                "network_card_index": 0,
                "network_interface_id": "eni-0745faad390a4b616"
              },
              {
                "delete_on_termination": false,
                "device_index": 2,
                "network_card_index": 0,
                "network_interface_id": "eni-0b4656f573e18a6a9"
              },
              {
                "delete_on_termination": false,
                "device_index": 3,
                "network_card_index": 0,
                "network_interface_id": "eni-0876f192afb3384bb"
              }
            ],
            "outpost_arn": "",
            "password_data": "",
            "placement_group": "",
            "placement_partition_number": 0,
            "primary_network_interface_id": "eni-015efaa90fa53f450",
            "private_dns": "ip-10-0-0-10.ec2.internal",
            "private_dns_name_options": [
              {
                "enable_resource_name_dns_a_record": false,
                "enable_resource_name_dns_aaaa_record": false,
                "hostname_type": "ip-name"
              }
            ],
            "private_ip": "10.0.0.10",
            "public_dns": "ec2-18-206-166-102.compute-1.amazonaws.com",
            "public_ip": "18.206.166.102",
            "root_block_device": [
              {
                "delete_on_termination": true,
                "device_name": "/dev/xvda",
                "encrypted": false,
                "iops": 156,
                "kms_key_id": "",
                "tags": {},
                "tags_all": {},
                "throughput": 0,
                "volume_id": "vol-088de6c7768646b64",
                "volume_size": 52,
                "volume_type": "gp2"
              }
            ],
            "secondary_private_ips": [],
            "security_groups": [],
            "source_dest_check": true,
            "spot_instance_request_id": "",
            "subnet_id": "subnet-011bccb8fbe6fdbf8",
            "tags": {
              "Name": "gwlb-test6 FTD"
            },
            "tags_all": {
              "Name": "gwlb-test6 FTD"
            },
            "tenancy": "default",
            "timeouts": null,
            "user_data": "ad914772fc2dbbcbf6978b2b4d438eb144e7c207",
            "user_data_base64": null,
            "user_data_replace_on_change": true,
            "volume_tags": null,
            "vpc_security_group_ids": [
              "sg-064d0218a3e6383aa"
            ]
          },
          "sensitive_attributes": [
            [
              {
                "type": "get_attr",
                "value": "user_data"
              }
            ]
          ],
          "private": "eyJlMmJmYjczMC1lY2FhLTExZTYtOGY4OC0zNDM2M2JjN2M0YzAiOnsiY3JlYXRlIjo2MDAwMDAwMDAwMDAsImRlbGV0ZSI6MTIwMDAwMDAwMDAwMCwicmVhZCI6OTAwMDAwMDAwMDAwLCJ1cGRhdGUiOjYwMDAwMDAwMDAwMH0sInNjaGVtYV92ZXJzaW9uIjoiMSJ9",
          "dependencies": [
            "aws_key_pair.public_key",
            "aws_network_interface.ftd_ccl",
            "aws_network_interface.ftd_data",
            "aws_network_interface.ftd_diagnostic",
            "aws_network_interface.ftd_management",
            "aws_security_group.data-sg",
            "aws_subnet.ccl_subnet",
            "aws_subnet.data_subnet",
            "aws_subnet.mgmt_subnet",
            "aws_vpc.srvc_vpc",
            "data.aws_ami.ftdv",
            "random_string.id",
            "tls_private_key.key_pair"
          ]
        }
      ]
    },
    {
      "mode": "managed",
      "type": "aws_internet_gateway",
      "name": "app_igw",
      "provider": "provider[\"registry.terraform.io/hashicorp/aws\"]",
      "instances": [
        {
          "schema_version": 0,
          "attributes": {
            "arn": "arn:aws:ec2:us-east-1:471112506928:internet-gateway/igw-080963e296e704f3a",
            "id": "igw-080963e296e704f3a",
            "owner_id": "471112506928",
            "tags": {
              "Name": "gwlb-test6 IGW"
            },
            "tags_all": {
              "Name": "gwlb-test6 IGW"
            },
            "timeouts": null,
            "vpc_id": "vpc-0a0564082a96d340e"
          },
          "sensitive_attributes": [],
          "private": "eyJlMmJmYjczMC1lY2FhLTExZTYtOGY4OC0zNDM2M2JjN2M0YzAiOnsiY3JlYXRlIjoxMjAwMDAwMDAwMDAwLCJkZWxldGUiOjEyMDAwMDAwMDAwMDAsInVwZGF0ZSI6MTIwMDAwMDAwMDAwMH19",
          "dependencies": [
            "aws_vpc.app_vpc"
          ]
        }
      ]
    },
    {
      "mode": "managed",
      "type": "aws_internet_gateway",
      "name": "mgmt_igw",
      "provider": "provider[\"registry.terraform.io/hashicorp/aws\"]",
      "instances": [
        {
          "schema_version": 0,
          "attributes": {
            "arn": "arn:aws:ec2:us-east-1:471112506928:internet-gateway/igw-0b411380607e8bd51",
            "id": "igw-0b411380607e8bd51",
            "owner_id": "471112506928",
            "tags": {
              "Name": "gwlb-test6 Service Mgmt-IGW"
            },
            "tags_all": {
              "Name": "gwlb-test6 Service Mgmt-IGW"
            },
            "timeouts": null,
            "vpc_id": "vpc-07de556bdbadab8a0"
          },
          "sensitive_attributes": [],
          "private": "eyJlMmJmYjczMC1lY2FhLTExZTYtOGY4OC0zNDM2M2JjN2M0YzAiOnsiY3JlYXRlIjoxMjAwMDAwMDAwMDAwLCJkZWxldGUiOjEyMDAwMDAwMDAwMDAsInVwZGF0ZSI6MTIwMDAwMDAwMDAwMH19",
          "dependencies": [
            "aws_vpc.srvc_vpc"
          ]
        }
      ]
    },
    {
      "mode": "managed",
      "type": "aws_key_pair",
      "name": "public_key",
      "provider": "provider[\"registry.terraform.io/hashicorp/aws\"]",
      "instances": [
        {
          "schema_version": 1,
          "attributes": {
            "arn": "arn:aws:ec2:us-east-1:471112506928:key-pair/gwlb-test6-0265-key",
            "fingerprint": "wqY+WCM/pXmRRm8mm+vSkLsBapJERh7+SUz550hlm3A=",
            "id": "gwlb-test6-0265-key",
            "key_name": "gwlb-test6-0265-key",
            "key_name_prefix": "",
            "key_pair_id": "key-02a12eacc0e9c4c3f",
            "key_type": "ed25519",
            "public_key": "ssh-ed25519 AAAAC3NzaC1lZDI1NTE5AAAAIExbpEAOErgXiVnapFNvUJubpdsl0+lqYBbYneznh43s",
            "tags": {},
            "tags_all": {}
          },
          "sensitive_attributes": [],
          "private": "eyJzY2hlbWFfdmVyc2lvbiI6IjEifQ==",
          "dependencies": [
            "random_string.id",
            "tls_private_key.key_pair"
          ]
        }
      ]
    },
    {
      "mode": "managed",
      "type": "aws_lb",
      "name": "gwlb",
      "provider": "provider[\"registry.terraform.io/hashicorp/aws\"]",
      "instances": [
        {
          "schema_version": 0,
          "attributes": {
            "access_logs": [
              {
                "bucket": null,
                "enabled": null,
                "prefix": null
              }
            ],
            "arn": "arn:aws:elasticloadbalancing:us-east-1:471112506928:loadbalancer/gwy/gwlb-test6-gwlb/07816ea1d5b1af20",
            "arn_suffix": "gwy/gwlb-test6-gwlb/07816ea1d5b1af20",
            "client_keep_alive": null,
            "connection_logs": [],
            "customer_owned_ipv4_pool": "",
            "desync_mitigation_mode": null,
            "dns_name": "",
            "dns_record_client_routing_policy": null,
            "drop_invalid_header_fields": null,
            "enable_cross_zone_load_balancing": true,
            "enable_deletion_protection": false,
            "enable_http2": null,
            "enable_tls_version_and_cipher_suite_headers": null,
            "enable_waf_fail_open": null,
            "enable_xff_client_port": null,
            "enforce_security_group_inbound_rules_on_private_link_traffic": "",
            "id": "arn:aws:elasticloadbalancing:us-east-1:471112506928:loadbalancer/gwy/gwlb-test6-gwlb/07816ea1d5b1af20",
            "idle_timeout": null,
            "internal": false,
            "ip_address_type": "ipv4",
            "load_balancer_type": "gateway",
            "name": "gwlb-test6-gwlb",
            "name_prefix": "",
            "preserve_host_header": null,
            "security_groups": [],
            "subnet_mapping": [
              {
                "allocation_id": "",
                "ipv6_address": "",
                "outpost_id": "",
                "private_ipv4_address": "",
                "subnet_id": "subnet-0bfa74422498815a9"
              }
            ],
            "subnets": [
              "subnet-0bfa74422498815a9"
            ],
            "tags": {
              "Name": "gwlb-test6 Service GWLB",
              "app": "service"
            },
            "tags_all": {
              "Name": "gwlb-test6 Service GWLB",
              "app": "service"
            },
            "timeouts": null,
            "vpc_id": "vpc-07de556bdbadab8a0",
            "xff_header_processing_mode": null,
            "zone_id": ""
          },
          "sensitive_attributes": [],
          "private": "eyJlMmJmYjczMC1lY2FhLTExZTYtOGY4OC0zNDM2M2JjN2M0YzAiOnsiY3JlYXRlIjo2MDAwMDAwMDAwMDAsImRlbGV0ZSI6NjAwMDAwMDAwMDAwLCJ1cGRhdGUiOjYwMDAwMDAwMDAwMH19",
          "dependencies": [
            "aws_subnet.data_subnet",
            "aws_vpc.srvc_vpc"
          ]
        }
      ]
    },
    {
      "mode": "managed",
      "type": "aws_lb_listener",
      "name": "cluster",
      "provider": "provider[\"registry.terraform.io/hashicorp/aws\"]",
      "instances": [
        {
          "schema_version": 0,
          "attributes": {
            "alpn_policy": null,
            "arn": "arn:aws:elasticloadbalancing:us-east-1:471112506928:listener/gwy/gwlb-test6-gwlb/07816ea1d5b1af20/dd5cc67da00f37a3",
            "certificate_arn": null,
            "default_action": [
              {
                "authenticate_cognito": [],
                "authenticate_oidc": [],
                "fixed_response": [],
                "forward": [],
                "order": 0,
                "redirect": [],
                "target_group_arn": "arn:aws:elasticloadbalancing:us-east-1:471112506928:targetgroup/gwlb-test6-ftdtg/003ace707279218451",
                "type": "forward"
              }
            ],
            "id": "arn:aws:elasticloadbalancing:us-east-1:471112506928:listener/gwy/gwlb-test6-gwlb/07816ea1d5b1af20/dd5cc67da00f37a3",
            "load_balancer_arn": "arn:aws:elasticloadbalancing:us-east-1:471112506928:loadbalancer/gwy/gwlb-test6-gwlb/07816ea1d5b1af20",
            "mutual_authentication": [],
            "port": 0,
            "protocol": "",
            "ssl_policy": "",
            "tags": {
              "Name": "gwlb-test6 Service GWLB Listener",
              "app": "service"
            },
            "tags_all": {
              "Name": "gwlb-test6 Service GWLB Listener",
              "app": "service"
            },
            "timeouts": null
          },
          "sensitive_attributes": [],
          "private": "eyJlMmJmYjczMC1lY2FhLTExZTYtOGY4OC0zNDM2M2JjN2M0YzAiOnsiY3JlYXRlIjozMDAwMDAwMDAwMDAsInVwZGF0ZSI6MzAwMDAwMDAwMDAwfX0=",
          "dependencies": [
            "aws_lb.gwlb",
            "aws_lb_target_group.ftd",
            "aws_subnet.data_subnet",
            "aws_vpc.srvc_vpc"
          ]
        }
      ]
    },
    {
      "mode": "managed",
      "type": "aws_lb_target_group",
      "name": "ftd",
      "provider": "provider[\"registry.terraform.io/hashicorp/aws\"]",
      "instances": [
        {
          "schema_version": 0,
          "attributes": {
            "arn": "arn:aws:elasticloadbalancing:us-east-1:471112506928:targetgroup/gwlb-test6-ftdtg/003ace707279218451",
            "arn_suffix": "targetgroup/gwlb-test6-ftdtg/003ace707279218451",
            "connection_termination": null,
            "deregistration_delay": "300",
            "health_check": [
              {
                "enabled": true,
                "healthy_threshold": 3,
                "interval": 30,
                "matcher": "",
                "path": "",
                "port": "443",
                "protocol": "TCP",
                "timeout": 5,
                "unhealthy_threshold": 3
              }
            ],
            "id": "arn:aws:elasticloadbalancing:us-east-1:471112506928:targetgroup/gwlb-test6-ftdtg/003ace707279218451",
            "ip_address_type": "",
            "lambda_multi_value_headers_enabled": false,
            "load_balancer_arns": [
              "arn:aws:elasticloadbalancing:us-east-1:471112506928:loadbalancer/gwy/gwlb-test6-gwlb/07816ea1d5b1af20"
            ],
            "load_balancing_algorithm_type": null,
            "load_balancing_anomaly_mitigation": null,
            "load_balancing_cross_zone_enabled": null,
            "name": "gwlb-test6-ftdtg",
            "name_prefix": "",
            "port": 6081,
            "preserve_client_ip": null,
            "protocol": "GENEVE",
            "protocol_version": null,
            "proxy_protocol_v2": false,
            "slow_start": 0,
            "stickiness": [
              {
                "cookie_duration": 0,
                "cookie_name": "",
                "enabled": true,
                "type": "source_ip_dest_ip"
              }
            ],
            "tags": {
              "Name": "gwlb-test6 Service GWLB TG",
              "app": "service"
            },
            "tags_all": {
              "Name": "gwlb-test6 Service GWLB TG",
              "app": "service"
            },
            "target_failover": [
              {
                "on_deregistration": "no_rebalance",
                "on_unhealthy": "no_rebalance"
              }
            ],
            "target_health_state": [
              {
                "enable_unhealthy_connection_termination": null
              }
            ],
            "target_type": "ip",
            "vpc_id": "vpc-07de556bdbadab8a0"
          },
          "sensitive_attributes": [],
          "private": "bnVsbA==",
          "dependencies": [
            "aws_vpc.srvc_vpc"
          ]
        }
      ]
    },
    {
      "mode": "managed",
      "type": "aws_lb_target_group_attachment",
      "name": "ftd",
      "provider": "provider[\"registry.terraform.io/hashicorp/aws\"]",
      "instances": [
        {
          "schema_version": 0,
          "attributes": {
            "availability_zone": null,
            "id": "arn:aws:elasticloadbalancing:us-east-1:471112506928:targetgroup/gwlb-test6-ftdtg/003ace707279218451-20240523191308803100000001",
            "port": null,
            "target_group_arn": "arn:aws:elasticloadbalancing:us-east-1:471112506928:targetgroup/gwlb-test6-ftdtg/003ace707279218451",
            "target_id": "10.0.1.59"
          },
          "sensitive_attributes": [],
          "private": "bnVsbA==",
          "dependencies": [
            "aws_lb_target_group.ftd",
            "aws_network_interface.ftd_data",
            "aws_security_group.data-sg",
            "aws_subnet.data_subnet",
            "aws_vpc.srvc_vpc"
          ]
        }
      ]
    },
    {
      "mode": "managed",
      "type": "aws_network_interface",
      "name": "ftd_ccl",
      "provider": "provider[\"registry.terraform.io/hashicorp/aws\"]",
      "instances": [
        {
          "schema_version": 0,
          "attributes": {
            "arn": "arn:aws:ec2:us-east-1:471112506928:network-interface/eni-0876f192afb3384bb",
            "attachment": [
              {
                "attachment_id": "eni-attach-01125eb48f3cb0b6b",
                "device_index": 3,
                "instance": "i-0915f33bee29a55b0"
              }
            ],
            "description": "ftd_ccl_if",
            "id": "eni-0876f192afb3384bb",
            "interface_type": "interface",
            "ipv4_prefix_count": 0,
            "ipv4_prefixes": [],
            "ipv6_address_count": 0,
            "ipv6_address_list": [],
            "ipv6_address_list_enabled": false,
            "ipv6_addresses": [],
            "ipv6_prefix_count": 0,
            "ipv6_prefixes": [],
            "mac_address": "02:1e:83:fb:c2:b1",
            "outpost_arn": "",
            "owner_id": "471112506928",
            "private_dns_name": "ip-10-0-2-201.ec2.internal",
            "private_ip": "10.0.2.201",
            "private_ip_list": [
              "10.0.2.201"
            ],
            "private_ip_list_enabled": false,
            "private_ips": [
              "10.0.2.201"
            ],
            "private_ips_count": 0,
            "security_groups": [
              "sg-064d0218a3e6383aa"
            ],
            "source_dest_check": false,
            "subnet_id": "subnet-0ba64defd4c0d32c1",
            "tags": {
              "Name": "gwlb-test6 Service FTD CCL"
            },
            "tags_all": {
              "Name": "gwlb-test6 Service FTD CCL"
            }
          },
          "sensitive_attributes": [],
          "private": "bnVsbA==",
          "dependencies": [
            "aws_security_group.data-sg",
            "aws_subnet.ccl_subnet",
            "aws_vpc.srvc_vpc"
          ]
        }
      ]
    },
    {
      "mode": "managed",
      "type": "aws_network_interface",
      "name": "ftd_data",
      "provider": "provider[\"registry.terraform.io/hashicorp/aws\"]",
      "instances": [
        {
          "schema_version": 0,
          "attributes": {
            "arn": "arn:aws:ec2:us-east-1:471112506928:network-interface/eni-0b4656f573e18a6a9",
            "attachment": [
              {
                "attachment_id": "eni-attach-0d26b186af09bf199",
                "device_index": 2,
                "instance": "i-0915f33bee29a55b0"
              }
            ],
            "description": "ftd_data_if",
            "id": "eni-0b4656f573e18a6a9",
            "interface_type": "interface",
            "ipv4_prefix_count": 0,
            "ipv4_prefixes": [],
            "ipv6_address_count": 0,
            "ipv6_address_list": [],
            "ipv6_address_list_enabled": false,
            "ipv6_addresses": [],
            "ipv6_prefix_count": 0,
            "ipv6_prefixes": [],
            "mac_address": "02:bf:ca:b1:69:9b",
            "outpost_arn": "",
            "owner_id": "471112506928",
            "private_dns_name": "ip-10-0-1-59.ec2.internal",
            "private_ip": "10.0.1.59",
            "private_ip_list": [
              "10.0.1.59"
            ],
            "private_ip_list_enabled": false,
            "private_ips": [
              "10.0.1.59"
            ],
            "private_ips_count": 0,
            "security_groups": [
              "sg-064d0218a3e6383aa"
            ],
            "source_dest_check": false,
            "subnet_id": "subnet-0bfa74422498815a9",
            "tags": {
              "Name": "gwlb-test6 Service FTD Data"
            },
            "tags_all": {
              "Name": "gwlb-test6 Service FTD Data"
            }
          },
          "sensitive_attributes": [],
          "private": "bnVsbA==",
          "dependencies": [
            "aws_security_group.data-sg",
            "aws_subnet.data_subnet",
            "aws_vpc.srvc_vpc"
          ]
        }
      ]
    },
    {
      "mode": "managed",
      "type": "aws_network_interface",
      "name": "ftd_diagnostic",
      "provider": "provider[\"registry.terraform.io/hashicorp/aws\"]",
      "instances": [
        {
          "schema_version": 0,
          "attributes": {
            "arn": "arn:aws:ec2:us-east-1:471112506928:network-interface/eni-0745faad390a4b616",
            "attachment": [
              {
                "attachment_id": "eni-attach-06a21eba0aea6a6c2",
                "device_index": 1,
                "instance": "i-0915f33bee29a55b0"
              }
            ],
            "description": "ftd_diag_if",
            "id": "eni-0745faad390a4b616",
            "interface_type": "interface",
            "ipv4_prefix_count": 0,
            "ipv4_prefixes": [],
            "ipv6_address_count": 0,
            "ipv6_address_list": [],
            "ipv6_address_list_enabled": false,
            "ipv6_addresses": [],
            "ipv6_prefix_count": 0,
            "ipv6_prefixes": [],
            "mac_address": "02:81:fd:7c:c6:25",
            "outpost_arn": "",
            "owner_id": "471112506928",
            "private_dns_name": "ip-10-0-0-14.ec2.internal",
            "private_ip": "10.0.0.14",
            "private_ip_list": [
              "10.0.0.14"
            ],
            "private_ip_list_enabled": false,
            "private_ips": [
              "10.0.0.14"
            ],
            "private_ips_count": 0,
            "security_groups": [
              "sg-064d0218a3e6383aa"
            ],
            "source_dest_check": true,
            "subnet_id": "subnet-011bccb8fbe6fdbf8",
            "tags": {
              "Name": "gwlb-test6 Service FTD Diag"
            },
            "tags_all": {
              "Name": "gwlb-test6 Service FTD Diag"
            }
          },
          "sensitive_attributes": [],
          "private": "bnVsbA==",
          "dependencies": [
            "aws_security_group.data-sg",
            "aws_subnet.mgmt_subnet",
            "aws_vpc.srvc_vpc"
          ]
        }
      ]
    },
    {
      "mode": "managed",
      "type": "aws_network_interface",
      "name": "ftd_management",
      "provider": "provider[\"registry.terraform.io/hashicorp/aws\"]",
      "instances": [
        {
          "schema_version": 0,
          "attributes": {
            "arn": "arn:aws:ec2:us-east-1:471112506928:network-interface/eni-015efaa90fa53f450",
            "attachment": [
              {
                "attachment_id": "eni-attach-0c0d9aa51ed9f37db",
                "device_index": 0,
                "instance": "i-0915f33bee29a55b0"
              }
            ],
            "description": "ftd_mgmt_if",
            "id": "eni-015efaa90fa53f450",
            "interface_type": "interface",
            "ipv4_prefix_count": 0,
            "ipv4_prefixes": [],
            "ipv6_address_count": 0,
            "ipv6_address_list": [],
            "ipv6_address_list_enabled": false,
            "ipv6_addresses": [],
            "ipv6_prefix_count": 0,
            "ipv6_prefixes": [],
            "mac_address": "02:ae:69:24:e3:d9",
            "outpost_arn": "",
            "owner_id": "471112506928",
            "private_dns_name": "ip-10-0-0-10.ec2.internal",
            "private_ip": "10.0.0.10",
            "private_ip_list": [
              "10.0.0.10"
            ],
            "private_ip_list_enabled": false,
            "private_ips": [
              "10.0.0.10"
            ],
            "private_ips_count": 0,
            "security_groups": [
              "sg-064d0218a3e6383aa"
            ],
            "source_dest_check": true,
            "subnet_id": "subnet-011bccb8fbe6fdbf8",
            "tags": {
              "Name": "gwlb-test6 Service FTD Mgmt"
            },
            "tags_all": {
              "Name": "gwlb-test6 Service FTD Mgmt"
            }
          },
          "sensitive_attributes": [],
          "private": "bnVsbA==",
          "dependencies": [
            "aws_security_group.data-sg",
            "aws_subnet.mgmt_subnet",
            "aws_vpc.srvc_vpc"
          ]
        }
      ]
    },
    {
      "mode": "managed",
      "type": "aws_route",
      "name": "app1_igw_route_app1_subnet",
      "provider": "provider[\"registry.terraform.io/hashicorp/aws\"]",
      "instances": [
        {
          "schema_version": 0,
          "attributes": {
            "carrier_gateway_id": "",
            "core_network_arn": "",
            "destination_cidr_block": "10.1.1.0/24",
            "destination_ipv6_cidr_block": "",
            "destination_prefix_list_id": "",
            "egress_only_gateway_id": "",
            "gateway_id": "",
            "id": "r-rtb-0c9c6e1791089f66a3362780110",
            "instance_id": "",
            "instance_owner_id": "",
            "local_gateway_id": "",
            "nat_gateway_id": "",
            "network_interface_id": "",
            "origin": "CreateRoute",
            "route_table_id": "rtb-0c9c6e1791089f66a",
            "state": "active",
            "timeouts": null,
            "transit_gateway_id": "",
            "vpc_endpoint_id": "vpce-05bde45636ca1dc3a",
            "vpc_peering_connection_id": ""
          },
          "sensitive_attributes": [],
          "private": "eyJlMmJmYjczMC1lY2FhLTExZTYtOGY4OC0zNDM2M2JjN2M0YzAiOnsiY3JlYXRlIjozMDAwMDAwMDAwMDAsImRlbGV0ZSI6MzAwMDAwMDAwMDAwLCJ1cGRhdGUiOjEyMDAwMDAwMDAwMH19",
          "dependencies": [
            "aws_lb.gwlb",
            "aws_route_table.app_igw_route_table",
            "aws_subnet.data_subnet",
            "aws_subnet.gwlbe_subnet",
            "aws_vpc.app_vpc",
            "aws_vpc.srvc_vpc",
            "aws_vpc_endpoint.fw",
            "aws_vpc_endpoint_service.gwlb",
            "aws_vpc_endpoint_subnet_association.fw"
          ]
        }
      ]
    },
    {
      "mode": "managed",
      "type": "aws_route",
      "name": "app_default_route",
      "provider": "provider[\"registry.terraform.io/hashicorp/aws\"]",
      "instances": [
        {
          "schema_version": 0,
          "attributes": {
            "carrier_gateway_id": "",
            "core_network_arn": "",
            "destination_cidr_block": "0.0.0.0/0",
            "destination_ipv6_cidr_block": "",
            "destination_prefix_list_id": "",
            "egress_only_gateway_id": "",
            "gateway_id": "",
            "id": "r-rtb-0352163a6a8b1d5301080289494",
            "instance_id": "",
            "instance_owner_id": "",
            "local_gateway_id": "",
            "nat_gateway_id": "",
            "network_interface_id": "",
            "origin": "CreateRoute",
            "route_table_id": "rtb-0352163a6a8b1d530",
            "state": "active",
            "timeouts": null,
            "transit_gateway_id": "",
            "vpc_endpoint_id": "vpce-05bde45636ca1dc3a",
            "vpc_peering_connection_id": ""
          },
          "sensitive_attributes": [],
          "private": "eyJlMmJmYjczMC1lY2FhLTExZTYtOGY4OC0zNDM2M2JjN2M0YzAiOnsiY3JlYXRlIjozMDAwMDAwMDAwMDAsImRlbGV0ZSI6MzAwMDAwMDAwMDAwLCJ1cGRhdGUiOjEyMDAwMDAwMDAwMH19",
          "dependencies": [
            "aws_lb.gwlb",
            "aws_route_table.app_route_table",
            "aws_subnet.data_subnet",
            "aws_subnet.gwlbe_subnet",
            "aws_vpc.app_vpc",
            "aws_vpc.srvc_vpc",
            "aws_vpc_endpoint.fw",
            "aws_vpc_endpoint_service.gwlb",
            "aws_vpc_endpoint_subnet_association.fw"
          ]
        }
      ]
    },
    {
      "mode": "managed",
      "type": "aws_route",
      "name": "gwlbe_default_route",
      "provider": "provider[\"registry.terraform.io/hashicorp/aws\"]",
      "instances": [
        {
          "schema_version": 0,
          "attributes": {
            "carrier_gateway_id": "",
            "core_network_arn": "",
            "destination_cidr_block": "0.0.0.0/0",
            "destination_ipv6_cidr_block": "",
            "destination_prefix_list_id": "",
            "egress_only_gateway_id": "",
            "gateway_id": "igw-080963e296e704f3a",
            "id": "r-rtb-00396b1c551c5ae481080289494",
            "instance_id": "",
            "instance_owner_id": "",
            "local_gateway_id": "",
            "nat_gateway_id": "",
            "network_interface_id": "",
            "origin": "CreateRoute",
            "route_table_id": "rtb-00396b1c551c5ae48",
            "state": "active",
            "timeouts": null,
            "transit_gateway_id": "",
            "vpc_endpoint_id": "",
            "vpc_peering_connection_id": ""
          },
          "sensitive_attributes": [],
          "private": "eyJlMmJmYjczMC1lY2FhLTExZTYtOGY4OC0zNDM2M2JjN2M0YzAiOnsiY3JlYXRlIjozMDAwMDAwMDAwMDAsImRlbGV0ZSI6MzAwMDAwMDAwMDAwLCJ1cGRhdGUiOjEyMDAwMDAwMDAwMH19",
          "dependencies": [
            "aws_internet_gateway.app_igw",
            "aws_route_table.gwlbe_route_table",
            "aws_vpc.app_vpc"
          ]
        }
      ]
    },
    {
      "mode": "managed",
      "type": "aws_route",
      "name": "mgmt_default_route",
      "provider": "provider[\"registry.terraform.io/hashicorp/aws\"]",
      "instances": [
        {
          "schema_version": 0,
          "attributes": {
            "carrier_gateway_id": "",
            "core_network_arn": "",
            "destination_cidr_block": "0.0.0.0/0",
            "destination_ipv6_cidr_block": "",
            "destination_prefix_list_id": "",
            "egress_only_gateway_id": "",
            "gateway_id": "igw-0b411380607e8bd51",
            "id": "r-rtb-039b17492c3349d7c1080289494",
            "instance_id": "",
            "instance_owner_id": "",
            "local_gateway_id": "",
            "nat_gateway_id": "",
            "network_interface_id": "",
            "origin": "CreateRoute",
            "route_table_id": "rtb-039b17492c3349d7c",
            "state": "active",
            "timeouts": null,
            "transit_gateway_id": "",
            "vpc_endpoint_id": "",
            "vpc_peering_connection_id": ""
          },
          "sensitive_attributes": [],
          "private": "eyJlMmJmYjczMC1lY2FhLTExZTYtOGY4OC0zNDM2M2JjN2M0YzAiOnsiY3JlYXRlIjozMDAwMDAwMDAwMDAsImRlbGV0ZSI6MzAwMDAwMDAwMDAwLCJ1cGRhdGUiOjEyMDAwMDAwMDAwMH19",
          "dependencies": [
            "aws_internet_gateway.mgmt_igw",
            "aws_route_table.mgmt_route_table",
            "aws_vpc.srvc_vpc"
          ]
        }
      ]
    },
    {
      "mode": "managed",
      "type": "aws_route_table",
      "name": "app_igw_route_table",
      "provider": "provider[\"registry.terraform.io/hashicorp/aws\"]",
      "instances": [
        {
          "schema_version": 0,
          "attributes": {
            "arn": "arn:aws:ec2:us-east-1:471112506928:route-table/rtb-0c9c6e1791089f66a",
            "id": "rtb-0c9c6e1791089f66a",
            "owner_id": "471112506928",
            "propagating_vgws": [],
            "route": [
              {
                "carrier_gateway_id": "",
                "cidr_block": "10.1.1.0/24",
                "core_network_arn": "",
                "destination_prefix_list_id": "",
                "egress_only_gateway_id": "",
                "gateway_id": "",
                "ipv6_cidr_block": "",
                "local_gateway_id": "",
                "nat_gateway_id": "",
                "network_interface_id": "",
                "transit_gateway_id": "",
                "vpc_endpoint_id": "vpce-05bde45636ca1dc3a",
                "vpc_peering_connection_id": ""
              }
            ],
            "tags": {
              "Name": "gwlb-test6 IGW Route Table"
            },
            "tags_all": {
              "Name": "gwlb-test6 IGW Route Table"
            },
            "timeouts": null,
            "vpc_id": "vpc-0a0564082a96d340e"
          },
          "sensitive_attributes": [],
          "private": "eyJlMmJmYjczMC1lY2FhLTExZTYtOGY4OC0zNDM2M2JjN2M0YzAiOnsiY3JlYXRlIjozMDAwMDAwMDAwMDAsImRlbGV0ZSI6MzAwMDAwMDAwMDAwLCJ1cGRhdGUiOjEyMDAwMDAwMDAwMH19",
          "dependencies": [
            "aws_vpc.app_vpc"
          ]
        }
      ]
    },
    {
      "mode": "managed",
      "type": "aws_route_table",
      "name": "app_route_table",
      "provider": "provider[\"registry.terraform.io/hashicorp/aws\"]",
      "instances": [
        {
          "schema_version": 0,
          "attributes": {
            "arn": "arn:aws:ec2:us-east-1:471112506928:route-table/rtb-0352163a6a8b1d530",
            "id": "rtb-0352163a6a8b1d530",
            "owner_id": "471112506928",
            "propagating_vgws": [],
            "route": [
              {
                "carrier_gateway_id": "",
                "cidr_block": "0.0.0.0/0",
                "core_network_arn": "",
                "destination_prefix_list_id": "",
                "egress_only_gateway_id": "",
                "gateway_id": "",
                "ipv6_cidr_block": "",
                "local_gateway_id": "",
                "nat_gateway_id": "",
                "network_interface_id": "",
                "transit_gateway_id": "",
                "vpc_endpoint_id": "vpce-05bde45636ca1dc3a",
                "vpc_peering_connection_id": ""
              }
            ],
            "tags": {
              "Name": "gwlb-test6 App Route Table"
            },
            "tags_all": {
              "Name": "gwlb-test6 App Route Table"
            },
            "timeouts": null,
            "vpc_id": "vpc-0a0564082a96d340e"
          },
          "sensitive_attributes": [],
          "private": "eyJlMmJmYjczMC1lY2FhLTExZTYtOGY4OC0zNDM2M2JjN2M0YzAiOnsiY3JlYXRlIjozMDAwMDAwMDAwMDAsImRlbGV0ZSI6MzAwMDAwMDAwMDAwLCJ1cGRhdGUiOjEyMDAwMDAwMDAwMH19",
          "dependencies": [
            "aws_vpc.app_vpc"
          ]
        }
      ]
    },
    {
      "mode": "managed",
      "type": "aws_route_table",
      "name": "gwlbe_route_table",
      "provider": "provider[\"registry.terraform.io/hashicorp/aws\"]",
      "instances": [
        {
          "schema_version": 0,
          "attributes": {
            "arn": "arn:aws:ec2:us-east-1:471112506928:route-table/rtb-00396b1c551c5ae48",
            "id": "rtb-00396b1c551c5ae48",
            "owner_id": "471112506928",
            "propagating_vgws": [],
            "route": [
              {
                "carrier_gateway_id": "",
                "cidr_block": "0.0.0.0/0",
                "core_network_arn": "",
                "destination_prefix_list_id": "",
                "egress_only_gateway_id": "",
                "gateway_id": "igw-080963e296e704f3a",
                "ipv6_cidr_block": "",
                "local_gateway_id": "",
                "nat_gateway_id": "",
                "network_interface_id": "",
                "transit_gateway_id": "",
                "vpc_endpoint_id": "",
                "vpc_peering_connection_id": ""
              }
            ],
            "tags": {
              "Name": "gwlb-test6 GWLBe Route Table"
            },
            "tags_all": {
              "Name": "gwlb-test6 GWLBe Route Table"
            },
            "timeouts": null,
            "vpc_id": "vpc-0a0564082a96d340e"
          },
          "sensitive_attributes": [],
          "private": "eyJlMmJmYjczMC1lY2FhLTExZTYtOGY4OC0zNDM2M2JjN2M0YzAiOnsiY3JlYXRlIjozMDAwMDAwMDAwMDAsImRlbGV0ZSI6MzAwMDAwMDAwMDAwLCJ1cGRhdGUiOjEyMDAwMDAwMDAwMH19",
          "dependencies": [
            "aws_vpc.app_vpc"
          ]
        }
      ]
    },
    {
      "mode": "managed",
      "type": "aws_route_table",
      "name": "mgmt_route_table",
      "provider": "provider[\"registry.terraform.io/hashicorp/aws\"]",
      "instances": [
        {
          "schema_version": 0,
          "attributes": {
            "arn": "arn:aws:ec2:us-east-1:471112506928:route-table/rtb-039b17492c3349d7c",
            "id": "rtb-039b17492c3349d7c",
            "owner_id": "471112506928",
            "propagating_vgws": [],
            "route": [
              {
                "carrier_gateway_id": "",
                "cidr_block": "0.0.0.0/0",
                "core_network_arn": "",
                "destination_prefix_list_id": "",
                "egress_only_gateway_id": "",
                "gateway_id": "igw-0b411380607e8bd51",
                "ipv6_cidr_block": "",
                "local_gateway_id": "",
                "nat_gateway_id": "",
                "network_interface_id": "",
                "transit_gateway_id": "",
                "vpc_endpoint_id": "",
                "vpc_peering_connection_id": ""
              }
            ],
            "tags": {
              "Name": "gwlb-test6 Service Mgmt Route Table"
            },
            "tags_all": {
              "Name": "gwlb-test6 Service Mgmt Route Table"
            },
            "timeouts": null,
            "vpc_id": "vpc-07de556bdbadab8a0"
          },
          "sensitive_attributes": [],
          "private": "eyJlMmJmYjczMC1lY2FhLTExZTYtOGY4OC0zNDM2M2JjN2M0YzAiOnsiY3JlYXRlIjozMDAwMDAwMDAwMDAsImRlbGV0ZSI6MzAwMDAwMDAwMDAwLCJ1cGRhdGUiOjEyMDAwMDAwMDAwMH19",
          "dependencies": [
            "aws_vpc.srvc_vpc"
          ]
        }
      ]
    },
    {
      "mode": "managed",
      "type": "aws_route_table_association",
      "name": "app1_association",
      "provider": "provider[\"registry.terraform.io/hashicorp/aws\"]",
      "instances": [
        {
          "schema_version": 0,
          "attributes": {
            "gateway_id": "",
            "id": "rtbassoc-0ede1b634f3082ded",
            "route_table_id": "rtb-0352163a6a8b1d530",
            "subnet_id": "subnet-019af9be7c93d0b18",
            "timeouts": null
          },
          "sensitive_attributes": [],
          "private": "eyJlMmJmYjczMC1lY2FhLTExZTYtOGY4OC0zNDM2M2JjN2M0YzAiOnsiY3JlYXRlIjozMDAwMDAwMDAwMDAsImRlbGV0ZSI6MzAwMDAwMDAwMDAwLCJ1cGRhdGUiOjEyMDAwMDAwMDAwMH19",
          "dependencies": [
            "aws_route_table.app_route_table",
            "aws_subnet.app_subnet",
            "aws_vpc.app_vpc"
          ]
        }
      ]
    },
    {
      "mode": "managed",
      "type": "aws_route_table_association",
      "name": "app_igw_association",
      "provider": "provider[\"registry.terraform.io/hashicorp/aws\"]",
      "instances": [
        {
          "schema_version": 0,
          "attributes": {
            "gateway_id": "igw-080963e296e704f3a",
            "id": "rtbassoc-0c8c8d949f1a3c8c4",
            "route_table_id": "rtb-0c9c6e1791089f66a",
            "subnet_id": "",
            "timeouts": null
          },
          "sensitive_attributes": [],
          "private": "eyJlMmJmYjczMC1lY2FhLTExZTYtOGY4OC0zNDM2M2JjN2M0YzAiOnsiY3JlYXRlIjozMDAwMDAwMDAwMDAsImRlbGV0ZSI6MzAwMDAwMDAwMDAwLCJ1cGRhdGUiOjEyMDAwMDAwMDAwMH19",
          "dependencies": [
            "aws_internet_gateway.app_igw",
            "aws_route_table.app_igw_route_table",
            "aws_vpc.app_vpc"
          ]
        }
      ]
    },
    {
      "mode": "managed",
      "type": "aws_route_table_association",
      "name": "gwlbe_association",
      "provider": "provider[\"registry.terraform.io/hashicorp/aws\"]",
      "instances": [
        {
          "schema_version": 0,
          "attributes": {
            "gateway_id": "",
            "id": "rtbassoc-07c6434c49d22f688",
            "route_table_id": "rtb-00396b1c551c5ae48",
            "subnet_id": "subnet-06f322c4981ddf750",
            "timeouts": null
          },
          "sensitive_attributes": [],
          "private": "eyJlMmJmYjczMC1lY2FhLTExZTYtOGY4OC0zNDM2M2JjN2M0YzAiOnsiY3JlYXRlIjozMDAwMDAwMDAwMDAsImRlbGV0ZSI6MzAwMDAwMDAwMDAwLCJ1cGRhdGUiOjEyMDAwMDAwMDAwMH19",
          "dependencies": [
            "aws_route_table.gwlbe_route_table",
            "aws_subnet.gwlbe_subnet",
            "aws_vpc.app_vpc"
          ]
        }
      ]
    },
    {
      "mode": "managed",
      "type": "aws_route_table_association",
      "name": "mgmt_association",
      "provider": "provider[\"registry.terraform.io/hashicorp/aws\"]",
      "instances": [
        {
          "schema_version": 0,
          "attributes": {
            "gateway_id": "",
            "id": "rtbassoc-092db981c0a7a93c9",
            "route_table_id": "rtb-039b17492c3349d7c",
            "subnet_id": "subnet-011bccb8fbe6fdbf8",
            "timeouts": null
          },
          "sensitive_attributes": [],
          "private": "eyJlMmJmYjczMC1lY2FhLTExZTYtOGY4OC0zNDM2M2JjN2M0YzAiOnsiY3JlYXRlIjozMDAwMDAwMDAwMDAsImRlbGV0ZSI6MzAwMDAwMDAwMDAwLCJ1cGRhdGUiOjEyMDAwMDAwMDAwMH19",
          "dependencies": [
            "aws_route_table.mgmt_route_table",
            "aws_subnet.mgmt_subnet",
            "aws_vpc.srvc_vpc"
          ]
        }
      ]
    },
    {
      "mode": "managed",
      "type": "aws_security_group",
      "name": "app-sg",
      "provider": "provider[\"registry.terraform.io/hashicorp/aws\"]",
      "instances": [
        {
          "schema_version": 1,
          "attributes": {
            "arn": "arn:aws:ec2:us-east-1:471112506928:security-group/sg-0b98588fadb13eb89",
            "description": "Allow all traffic",
            "egress": [
              {
                "cidr_blocks": [
                  "0.0.0.0/0"
                ],
                "description": "",
                "from_port": 0,
                "ipv6_cidr_blocks": [],
                "prefix_list_ids": [],
                "protocol": "-1",
                "security_groups": [],
                "self": false,
                "to_port": 0
              }
            ],
            "id": "sg-0b98588fadb13eb89",
            "ingress": [
              {
                "cidr_blocks": [
                  "0.0.0.0/0"
                ],
                "description": "",
                "from_port": 0,
                "ipv6_cidr_blocks": [],
                "prefix_list_ids": [],
                "protocol": "-1",
                "security_groups": [],
                "self": false,
                "to_port": 0
              }
            ],
            "name": "gwlb-test6 App SG",
            "name_prefix": "",
            "owner_id": "471112506928",
            "revoke_rules_on_delete": false,
            "tags": {
              "Name": "gwlb-test6 App SG"
            },
            "tags_all": {
              "Name": "gwlb-test6 App SG"
            },
            "timeouts": null,
            "vpc_id": "vpc-0a0564082a96d340e"
          },
          "sensitive_attributes": [],
          "private": "eyJlMmJmYjczMC1lY2FhLTExZTYtOGY4OC0zNDM2M2JjN2M0YzAiOnsiY3JlYXRlIjo2MDAwMDAwMDAwMDAsImRlbGV0ZSI6OTAwMDAwMDAwMDAwfSwic2NoZW1hX3ZlcnNpb24iOiIxIn0=",
          "dependencies": [
            "aws_vpc.app_vpc"
          ]
        }
      ]
    },
    {
      "mode": "managed",
      "type": "aws_security_group",
      "name": "data-sg",
      "provider": "provider[\"registry.terraform.io/hashicorp/aws\"]",
      "instances": [
        {
          "schema_version": 1,
          "attributes": {
            "arn": "arn:aws:ec2:us-east-1:471112506928:security-group/sg-064d0218a3e6383aa",
            "description": "Allow all traffic",
            "egress": [
              {
                "cidr_blocks": [
                  "0.0.0.0/0"
                ],
                "description": "",
                "from_port": 0,
                "ipv6_cidr_blocks": [],
                "prefix_list_ids": [],
                "protocol": "-1",
                "security_groups": [],
                "self": false,
                "to_port": 0
              }
            ],
            "id": "sg-064d0218a3e6383aa",
            "ingress": [
              {
                "cidr_blocks": [
                  "0.0.0.0/0"
                ],
                "description": "",
                "from_port": 0,
                "ipv6_cidr_blocks": [],
                "prefix_list_ids": [],
                "protocol": "-1",
                "security_groups": [],
                "self": false,
                "to_port": 0
              }
            ],
            "name": "gwlb-test6 Data SG",
            "name_prefix": "",
            "owner_id": "471112506928",
            "revoke_rules_on_delete": false,
            "tags": {
              "Name": "gwlb-test6 Data SG"
            },
            "tags_all": {
              "Name": "gwlb-test6 Data SG"
            },
            "timeouts": null,
            "vpc_id": "vpc-07de556bdbadab8a0"
          },
          "sensitive_attributes": [],
          "private": "eyJlMmJmYjczMC1lY2FhLTExZTYtOGY4OC0zNDM2M2JjN2M0YzAiOnsiY3JlYXRlIjo2MDAwMDAwMDAwMDAsImRlbGV0ZSI6OTAwMDAwMDAwMDAwfSwic2NoZW1hX3ZlcnNpb24iOiIxIn0=",
          "dependencies": [
            "aws_vpc.srvc_vpc"
          ]
        }
      ]
    },
    {
      "mode": "managed",
      "type": "aws_security_group",
      "name": "mgmt-sg",
      "provider": "provider[\"registry.terraform.io/hashicorp/aws\"]",
      "instances": [
        {
          "schema_version": 1,
          "attributes": {
            "arn": "arn:aws:ec2:us-east-1:471112506928:security-group/sg-0441b822d5c92fc8a",
            "description": "Security group that allows SSH inbound and all outbound",
            "egress": [
              {
                "cidr_blocks": [
                  "0.0.0.0/0"
                ],
                "description": "",
                "from_port": 0,
                "ipv6_cidr_blocks": [],
                "prefix_list_ids": [],
                "protocol": "-1",
                "security_groups": [],
                "self": false,
                "to_port": 0
              }
            ],
            "id": "sg-0441b822d5c92fc8a",
            "ingress": [
              {
                "cidr_blocks": [
                  "0.0.0.0/0"
                ],
                "description": "SSH",
                "from_port": 22,
                "ipv6_cidr_blocks": [],
                "prefix_list_ids": [],
                "protocol": "tcp",
                "security_groups": [],
                "self": false,
                "to_port": 22
              }
            ],
            "name": "gwlb-test6 Mgmt SG",
            "name_prefix": "",
            "owner_id": "471112506928",
            "revoke_rules_on_delete": false,
            "tags": {
              "Name": "gwlb-test6 Mgmt SG"
            },
            "tags_all": {
              "Name": "gwlb-test6 Mgmt SG"
            },
            "timeouts": null,
            "vpc_id": "vpc-07de556bdbadab8a0"
          },
          "sensitive_attributes": [],
          "private": "eyJlMmJmYjczMC1lY2FhLTExZTYtOGY4OC0zNDM2M2JjN2M0YzAiOnsiY3JlYXRlIjo2MDAwMDAwMDAwMDAsImRlbGV0ZSI6OTAwMDAwMDAwMDAwfSwic2NoZW1hX3ZlcnNpb24iOiIxIn0=",
          "dependencies": [
            "aws_vpc.srvc_vpc"
          ]
        }
      ]
    },
    {
      "mode": "managed",
      "type": "aws_subnet",
      "name": "app_subnet",
      "provider": "provider[\"registry.terraform.io/hashicorp/aws\"]",
      "instances": [
        {
          "schema_version": 1,
          "attributes": {
            "arn": "arn:aws:ec2:us-east-1:471112506928:subnet/subnet-019af9be7c93d0b18",
            "assign_ipv6_address_on_creation": false,
            "availability_zone": "us-east-1a",
            "availability_zone_id": "use1-az1",
            "cidr_block": "10.1.1.0/24",
            "customer_owned_ipv4_pool": "",
            "enable_dns64": false,
            "enable_lni_at_device_index": 0,
            "enable_resource_name_dns_a_record_on_launch": false,
            "enable_resource_name_dns_aaaa_record_on_launch": false,
            "id": "subnet-019af9be7c93d0b18",
            "ipv6_cidr_block": "",
            "ipv6_cidr_block_association_id": "",
            "ipv6_native": false,
            "map_customer_owned_ip_on_launch": false,
            "map_public_ip_on_launch": false,
            "outpost_arn": "",
            "owner_id": "471112506928",
            "private_dns_hostname_type_on_launch": "ip-name",
            "tags": {
              "Name": "gwlb-test6 App Subnet"
            },
            "tags_all": {
              "Name": "gwlb-test6 App Subnet"
            },
            "timeouts": null,
            "vpc_id": "vpc-0a0564082a96d340e"
          },
          "sensitive_attributes": [],
          "private": "eyJlMmJmYjczMC1lY2FhLTExZTYtOGY4OC0zNDM2M2JjN2M0YzAiOnsiY3JlYXRlIjo2MDAwMDAwMDAwMDAsImRlbGV0ZSI6MTIwMDAwMDAwMDAwMH0sInNjaGVtYV92ZXJzaW9uIjoiMSJ9",
          "dependencies": [
            "aws_vpc.app_vpc"
          ]
        }
      ]
    },
    {
      "mode": "managed",
      "type": "aws_subnet",
      "name": "ccl_subnet",
      "provider": "provider[\"registry.terraform.io/hashicorp/aws\"]",
      "instances": [
        {
          "schema_version": 1,
          "attributes": {
            "arn": "arn:aws:ec2:us-east-1:471112506928:subnet/subnet-0ba64defd4c0d32c1",
            "assign_ipv6_address_on_creation": false,
            "availability_zone": "us-east-1a",
            "availability_zone_id": "use1-az1",
            "cidr_block": "10.0.2.0/24",
            "customer_owned_ipv4_pool": "",
            "enable_dns64": false,
            "enable_lni_at_device_index": 0,
            "enable_resource_name_dns_a_record_on_launch": false,
            "enable_resource_name_dns_aaaa_record_on_launch": false,
            "id": "subnet-0ba64defd4c0d32c1",
            "ipv6_cidr_block": "",
            "ipv6_cidr_block_association_id": "",
            "ipv6_native": false,
            "map_customer_owned_ip_on_launch": false,
            "map_public_ip_on_launch": false,
            "outpost_arn": "",
            "owner_id": "471112506928",
            "private_dns_hostname_type_on_launch": "ip-name",
            "tags": {
              "Name": "gwlb-test6 Service CCL Subnet"
            },
            "tags_all": {
              "Name": "gwlb-test6 Service CCL Subnet"
            },
            "timeouts": null,
            "vpc_id": "vpc-07de556bdbadab8a0"
          },
          "sensitive_attributes": [],
          "private": "eyJlMmJmYjczMC1lY2FhLTExZTYtOGY4OC0zNDM2M2JjN2M0YzAiOnsiY3JlYXRlIjo2MDAwMDAwMDAwMDAsImRlbGV0ZSI6MTIwMDAwMDAwMDAwMH0sInNjaGVtYV92ZXJzaW9uIjoiMSJ9",
          "dependencies": [
            "aws_vpc.srvc_vpc"
          ]
        }
      ]
    },
    {
      "mode": "managed",
      "type": "aws_subnet",
      "name": "data_subnet",
      "provider": "provider[\"registry.terraform.io/hashicorp/aws\"]",
      "instances": [
        {
          "schema_version": 1,
          "attributes": {
            "arn": "arn:aws:ec2:us-east-1:471112506928:subnet/subnet-0bfa74422498815a9",
            "assign_ipv6_address_on_creation": false,
            "availability_zone": "us-east-1a",
            "availability_zone_id": "use1-az1",
            "cidr_block": "10.0.1.0/24",
            "customer_owned_ipv4_pool": "",
            "enable_dns64": false,
            "enable_lni_at_device_index": 0,
            "enable_resource_name_dns_a_record_on_launch": false,
            "enable_resource_name_dns_aaaa_record_on_launch": false,
            "id": "subnet-0bfa74422498815a9",
            "ipv6_cidr_block": "",
            "ipv6_cidr_block_association_id": "",
            "ipv6_native": false,
            "map_customer_owned_ip_on_launch": false,
            "map_public_ip_on_launch": false,
            "outpost_arn": "",
            "owner_id": "471112506928",
            "private_dns_hostname_type_on_launch": "ip-name",
            "tags": {
              "Name": "gwlb-test6 Service Data Subnet"
            },
            "tags_all": {
              "Name": "gwlb-test6 Service Data Subnet"
            },
            "timeouts": null,
            "vpc_id": "vpc-07de556bdbadab8a0"
          },
          "sensitive_attributes": [],
          "private": "eyJlMmJmYjczMC1lY2FhLTExZTYtOGY4OC0zNDM2M2JjN2M0YzAiOnsiY3JlYXRlIjo2MDAwMDAwMDAwMDAsImRlbGV0ZSI6MTIwMDAwMDAwMDAwMH0sInNjaGVtYV92ZXJzaW9uIjoiMSJ9",
          "dependencies": [
            "aws_vpc.srvc_vpc"
          ]
        }
      ]
    },
    {
      "mode": "managed",
      "type": "aws_subnet",
      "name": "gwlbe_subnet",
      "provider": "provider[\"registry.terraform.io/hashicorp/aws\"]",
      "instances": [
        {
          "schema_version": 1,
          "attributes": {
            "arn": "arn:aws:ec2:us-east-1:471112506928:subnet/subnet-06f322c4981ddf750",
            "assign_ipv6_address_on_creation": false,
            "availability_zone": "us-east-1a",
            "availability_zone_id": "use1-az1",
            "cidr_block": "10.1.0.0/24",
            "customer_owned_ipv4_pool": "",
            "enable_dns64": false,
            "enable_lni_at_device_index": 0,
            "enable_resource_name_dns_a_record_on_launch": false,
            "enable_resource_name_dns_aaaa_record_on_launch": false,
            "id": "subnet-06f322c4981ddf750",
            "ipv6_cidr_block": "",
            "ipv6_cidr_block_association_id": "",
            "ipv6_native": false,
            "map_customer_owned_ip_on_launch": false,
            "map_public_ip_on_launch": false,
            "outpost_arn": "",
            "owner_id": "471112506928",
            "private_dns_hostname_type_on_launch": "ip-name",
            "tags": {
              "Name": "gwlb-test6 GWLBe Subnet"
            },
            "tags_all": {
              "Name": "gwlb-test6 GWLBe Subnet"
            },
            "timeouts": null,
            "vpc_id": "vpc-0a0564082a96d340e"
          },
          "sensitive_attributes": [],
          "private": "eyJlMmJmYjczMC1lY2FhLTExZTYtOGY4OC0zNDM2M2JjN2M0YzAiOnsiY3JlYXRlIjo2MDAwMDAwMDAwMDAsImRlbGV0ZSI6MTIwMDAwMDAwMDAwMH0sInNjaGVtYV92ZXJzaW9uIjoiMSJ9",
          "dependencies": [
            "aws_vpc.app_vpc"
          ]
        }
      ]
    },
    {
      "mode": "managed",
      "type": "aws_subnet",
      "name": "mgmt_subnet",
      "provider": "provider[\"registry.terraform.io/hashicorp/aws\"]",
      "instances": [
        {
          "schema_version": 1,
          "attributes": {
            "arn": "arn:aws:ec2:us-east-1:471112506928:subnet/subnet-011bccb8fbe6fdbf8",
            "assign_ipv6_address_on_creation": false,
            "availability_zone": "us-east-1a",
            "availability_zone_id": "use1-az1",
            "cidr_block": "10.0.0.0/24",
            "customer_owned_ipv4_pool": "",
            "enable_dns64": false,
            "enable_lni_at_device_index": 0,
            "enable_resource_name_dns_a_record_on_launch": false,
            "enable_resource_name_dns_aaaa_record_on_launch": false,
            "id": "subnet-011bccb8fbe6fdbf8",
            "ipv6_cidr_block": "",
            "ipv6_cidr_block_association_id": "",
            "ipv6_native": false,
            "map_customer_owned_ip_on_launch": false,
            "map_public_ip_on_launch": false,
            "outpost_arn": "",
            "owner_id": "471112506928",
            "private_dns_hostname_type_on_launch": "ip-name",
            "tags": {
              "Name": "gwlb-test6 Service Mgmt Subnet"
            },
            "tags_all": {
              "Name": "gwlb-test6 Service Mgmt Subnet"
            },
            "timeouts": null,
            "vpc_id": "vpc-07de556bdbadab8a0"
          },
          "sensitive_attributes": [],
          "private": "eyJlMmJmYjczMC1lY2FhLTExZTYtOGY4OC0zNDM2M2JjN2M0YzAiOnsiY3JlYXRlIjo2MDAwMDAwMDAwMDAsImRlbGV0ZSI6MTIwMDAwMDAwMDAwMH0sInNjaGVtYV92ZXJzaW9uIjoiMSJ9",
          "dependencies": [
            "aws_vpc.srvc_vpc"
          ]
        }
      ]
    },
    {
      "mode": "managed",
      "type": "aws_vpc",
      "name": "app_vpc",
      "provider": "provider[\"registry.terraform.io/hashicorp/aws\"]",
      "instances": [
        {
          "schema_version": 1,
          "attributes": {
            "arn": "arn:aws:ec2:us-east-1:471112506928:vpc/vpc-0a0564082a96d340e",
            "assign_generated_ipv6_cidr_block": false,
            "cidr_block": "10.1.0.0/16",
            "default_network_acl_id": "acl-01a1480b35d92536b",
            "default_route_table_id": "rtb-04a0f6852fcc4a093",
            "default_security_group_id": "sg-0a5925bd8c54865d4",
            "dhcp_options_id": "dopt-06ceba3bcf43f3b74",
            "enable_dns_hostnames": true,
            "enable_dns_support": true,
            "enable_network_address_usage_metrics": false,
            "id": "vpc-0a0564082a96d340e",
            "instance_tenancy": "default",
            "ipv4_ipam_pool_id": null,
            "ipv4_netmask_length": null,
            "ipv6_association_id": "",
            "ipv6_cidr_block": "",
            "ipv6_cidr_block_network_border_group": "",
            "ipv6_ipam_pool_id": "",
            "ipv6_netmask_length": 0,
            "main_route_table_id": "rtb-04a0f6852fcc4a093",
            "owner_id": "471112506928",
            "tags": {
              "Name": "gwlb-test6-App-VPC"
            },
            "tags_all": {
              "Name": "gwlb-test6-App-VPC"
            }
          },
          "sensitive_attributes": [],
          "private": "eyJzY2hlbWFfdmVyc2lvbiI6IjEifQ=="
        }
      ]
    },
    {
      "mode": "managed",
      "type": "aws_vpc",
      "name": "srvc_vpc",
      "provider": "provider[\"registry.terraform.io/hashicorp/aws\"]",
      "instances": [
        {
          "schema_version": 1,
          "attributes": {
            "arn": "arn:aws:ec2:us-east-1:471112506928:vpc/vpc-07de556bdbadab8a0",
            "assign_generated_ipv6_cidr_block": false,
            "cidr_block": "10.0.0.0/16",
            "default_network_acl_id": "acl-08ad4da8335177a5f",
            "default_route_table_id": "rtb-07ac2749190fa628d",
            "default_security_group_id": "sg-0a51a1ff37f9345a0",
            "dhcp_options_id": "dopt-06ceba3bcf43f3b74",
            "enable_dns_hostnames": true,
            "enable_dns_support": true,
            "enable_network_address_usage_metrics": false,
            "id": "vpc-07de556bdbadab8a0",
            "instance_tenancy": "default",
            "ipv4_ipam_pool_id": null,
            "ipv4_netmask_length": null,
            "ipv6_association_id": "",
            "ipv6_cidr_block": "",
            "ipv6_cidr_block_network_border_group": "",
            "ipv6_ipam_pool_id": "",
            "ipv6_netmask_length": 0,
            "main_route_table_id": "rtb-07ac2749190fa628d",
            "owner_id": "471112506928",
            "tags": {
              "Name": "gwlb-test6 Service VPC"
            },
            "tags_all": {
              "Name": "gwlb-test6 Service VPC"
            }
          },
          "sensitive_attributes": [],
          "private": "eyJzY2hlbWFfdmVyc2lvbiI6IjEifQ=="
        }
      ]
    },
    {
      "mode": "managed",
      "type": "aws_vpc_endpoint",
      "name": "fw",
      "provider": "provider[\"registry.terraform.io/hashicorp/aws\"]",
      "instances": [
        {
          "schema_version": 0,
          "attributes": {
            "arn": "arn:aws:ec2:us-east-1:471112506928:vpc-endpoint/vpce-05bde45636ca1dc3a",
            "auto_accept": null,
            "cidr_blocks": [],
            "dns_entry": [],
            "dns_options": [],
            "id": "vpce-05bde45636ca1dc3a",
            "ip_address_type": "ipv4",
            "network_interface_ids": [
              "eni-085cd89fe0e53da0c"
            ],
            "owner_id": "471112506928",
            "policy": "",
            "prefix_list_id": null,
            "private_dns_enabled": false,
            "requester_managed": false,
            "route_table_ids": [],
            "security_group_ids": [],
            "service_name": "com.amazonaws.vpce.us-east-1.vpce-svc-0a20f72ba1db23719",
            "state": "available",
            "subnet_ids": [
              "subnet-06f322c4981ddf750"
            ],
            "tags": {
              "Name": "gwlb-test6 GWLBe"
            },
            "tags_all": {
              "Name": "gwlb-test6 GWLBe"
            },
            "timeouts": null,
            "vpc_endpoint_type": "GatewayLoadBalancer",
            "vpc_id": "vpc-0a0564082a96d340e"
          },
          "sensitive_attributes": [],
          "private": "eyJlMmJmYjczMC1lY2FhLTExZTYtOGY4OC0zNDM2M2JjN2M0YzAiOnsiY3JlYXRlIjo2MDAwMDAwMDAwMDAsImRlbGV0ZSI6NjAwMDAwMDAwMDAwLCJ1cGRhdGUiOjYwMDAwMDAwMDAwMH19",
          "dependencies": [
            "aws_lb.gwlb",
            "aws_subnet.data_subnet",
            "aws_vpc.app_vpc",
            "aws_vpc.srvc_vpc",
            "aws_vpc_endpoint_service.gwlb"
          ]
        }
      ]
    },
    {
      "mode": "managed",
      "type": "aws_vpc_endpoint_service",
      "name": "gwlb",
      "provider": "provider[\"registry.terraform.io/hashicorp/aws\"]",
      "instances": [
        {
          "schema_version": 0,
          "attributes": {
            "acceptance_required": false,
            "allowed_principals": [],
            "arn": "arn:aws:ec2:us-east-1:471112506928:vpc-endpoint-service/vpce-svc-0a20f72ba1db23719",
            "availability_zones": [
              "us-east-1a"
            ],
            "base_endpoint_dns_names": [],
            "gateway_load_balancer_arns": [
              "arn:aws:elasticloadbalancing:us-east-1:471112506928:loadbalancer/gwy/gwlb-test6-gwlb/07816ea1d5b1af20"
            ],
            "id": "vpce-svc-0a20f72ba1db23719",
            "manages_vpc_endpoints": false,
            "network_load_balancer_arns": [],
            "private_dns_name": "",
            "private_dns_name_configuration": [],
            "service_name": "com.amazonaws.vpce.us-east-1.vpce-svc-0a20f72ba1db23719",
            "service_type": "GatewayLoadBalancer",
            "state": "Available",
            "supported_ip_address_types": [
              "ipv4"
            ],
            "tags": {
              "Name": "gwlb-test6 Service GWLB EP Service",
              "app": "service"
            },
            "tags_all": {
              "Name": "gwlb-test6 Service GWLB EP Service",
              "app": "service"
            },
            "timeouts": null
          },
          "sensitive_attributes": [],
          "private": "eyJlMmJmYjczMC1lY2FhLTExZTYtOGY4OC0zNDM2M2JjN2M0YzAiOnsiY3JlYXRlIjo2MDAwMDAwMDAwMDAsImRlbGV0ZSI6NjAwMDAwMDAwMDAwLCJ1cGRhdGUiOjYwMDAwMDAwMDAwMH19",
          "dependencies": [
            "aws_lb.gwlb",
            "aws_subnet.data_subnet",
            "aws_vpc.srvc_vpc"
          ]
        }
      ]
    },
    {
      "mode": "managed",
      "type": "aws_vpc_endpoint_subnet_association",
      "name": "fw",
      "provider": "provider[\"registry.terraform.io/hashicorp/aws\"]",
      "instances": [
        {
          "schema_version": 0,
          "attributes": {
            "id": "a-vpce-05bde45636ca1dc3a2743588741",
            "subnet_id": "subnet-06f322c4981ddf750",
            "timeouts": null,
            "vpc_endpoint_id": "vpce-05bde45636ca1dc3a"
          },
          "sensitive_attributes": [],
          "private": "eyJlMmJmYjczMC1lY2FhLTExZTYtOGY4OC0zNDM2M2JjN2M0YzAiOnsiY3JlYXRlIjo2MDAwMDAwMDAwMDAsImRlbGV0ZSI6NjAwMDAwMDAwMDAwfX0=",
          "dependencies": [
            "aws_lb.gwlb",
            "aws_subnet.data_subnet",
            "aws_subnet.gwlbe_subnet",
            "aws_vpc.app_vpc",
            "aws_vpc.srvc_vpc",
            "aws_vpc_endpoint.fw",
            "aws_vpc_endpoint_service.gwlb"
          ]
        }
      ]
    },
    {
      "mode": "managed",
      "type": "fmc_access_rules",
      "name": "access_rule_1",
      "provider": "provider[\"registry.terraform.io/ciscodevnet/fmc\"]",
      "instances": [
        {
          "schema_version": 0,
          "attributes": {
            "acp": "02A9FCB3-A83B-0ed3-0000-004294993550",
            "action": "ALLOW",
            "category": "",
            "destination_dynamic_objects": [],
            "destination_networks": [],
            "destination_ports": [
              {
                "destination_port": [
                  {
                    "id": "18312adc-38bb-11e2-86aa-62f0c593a59a",
                    "type": "ProtocolPortObject"
                  },
                  {
                    "id": "1834bd00-38bb-11e2-86aa-62f0c593a59a",
                    "type": "ProtocolPortObject"
                  }
                ]
              }
            ],
            "destination_security_group_tags": [],
            "destination_zones": [],
            "enable_syslog": false,
            "enabled": true,
            "file_policy": "",
            "id": "02A9FCB3-A83B-0ed3-0000-000268434442",
            "insert_after": null,
            "insert_before": null,
            "ips_policy": "02A9FCB3-A83B-0ed3-0000-004294993734",
            "log_begin": true,
            "log_end": true,
            "log_files": false,
            "name": "gwlb-test6_permit_outbound",
            "new_comments": [
              "gwlb-test6 outbound web traffic"
            ],
            "section": "mandatory",
            "send_events_to_fmc": true,
            "source_dynamic_objects": [],
            "source_networks": [
              {
                "source_network": [
                  {
                    "id": "02A9FCB3-A83B-0ed3-0000-004294993785",
                    "type": "Network"
                  }
                ]
              }
            ],
            "source_ports": [],
            "source_security_group_tags": [],
            "source_zones": [],
            "syslog_config": "",
            "syslog_severity": "",
            "type": "AccessRule",
            "urls": []
          },
          "sensitive_attributes": [],
          "private": "bnVsbA==",
          "dependencies": [
            "data.fmc_port_objects.http",
            "data.fmc_port_objects.https",
            "fmc_access_policies.access_policy",
            "fmc_ips_policies.ips_policy",
            "fmc_network_objects.app_subnet"
          ]
        }
      ]
    },
    {
      "mode": "managed",
      "type": "fmc_access_rules",
      "name": "access_rule_2",
      "provider": "provider[\"registry.terraform.io/ciscodevnet/fmc\"]",
      "instances": [
        {
          "schema_version": 0,
          "attributes": {
            "acp": "02A9FCB3-A83B-0ed3-0000-004294993550",
            "action": "ALLOW",
            "category": "",
            "destination_dynamic_objects": [],
            "destination_networks": [
              {
                "destination_network": [
                  {
                    "id": "02A9FCB3-A83B-0ed3-0000-004294993717",
                    "type": "Host"
                  }
                ]
              }
            ],
            "destination_ports": [
              {
                "destination_port": [
                  {
                    "id": "1834c890-38bb-11e2-86aa-62f0c593a59a",
                    "type": "ProtocolPortObject"
                  }
                ]
              }
            ],
            "destination_security_group_tags": [],
            "destination_zones": [],
            "enable_syslog": false,
            "enabled": true,
            "file_policy": "",
            "id": "02A9FCB3-A83B-0ed3-0000-000268434441",
            "insert_after": null,
            "insert_before": null,
            "ips_policy": "02A9FCB3-A83B-0ed3-0000-004294993734",
            "log_begin": true,
            "log_end": true,
            "log_files": false,
            "name": "gwlb-test6_access_to_app_server",
            "new_comments": [
              "gwlb-test6 ssh to app server"
            ],
            "section": "mandatory",
            "send_events_to_fmc": true,
            "source_dynamic_objects": [],
            "source_networks": [],
            "source_ports": [],
            "source_security_group_tags": [],
            "source_zones": [],
            "syslog_config": "",
            "syslog_severity": "",
            "type": "AccessRule",
            "urls": []
          },
          "sensitive_attributes": [],
          "private": "bnVsbA==",
          "dependencies": [
            "data.fmc_port_objects.ssh",
            "fmc_access_policies.access_policy",
            "fmc_host_objects.app_server",
            "fmc_ips_policies.ips_policy"
          ]
        }
      ]
    },
    {
      "mode": "managed",
      "type": "fmc_host_objects",
      "name": "app_server",
      "provider": "provider[\"registry.terraform.io/ciscodevnet/fmc\"]",
      "instances": [
        {
          "schema_version": 0,
          "attributes": {
            "description": "App Server",
            "id": "02A9FCB3-A83B-0ed3-0000-004294993717",
            "name": "gwlb-test6-app_server",
            "type": "Host",
            "value": "10.1.1.100"
          },
          "sensitive_attributes": [],
          "private": "bnVsbA=="
        }
      ]
    },
    {
      "mode": "managed",
      "type": "fmc_ips_policies",
      "name": "ips_policy",
      "provider": "provider[\"registry.terraform.io/ciscodevnet/fmc\"]",
      "instances": [
        {
          "schema_version": 0,
          "attributes": {
            "basepolicy_id": "0f9e8294-d03d-5b1f-a70c-549ca9213405",
            "basepolicy_name": null,
            "id": "02A9FCB3-A83B-0ed3-0000-004294993734",
            "inspection_mode": "DETECTION",
            "name": "gwlb-test6-ips_policy",
            "type": "intrusionpolicy"
          },
          "sensitive_attributes": [],
          "private": "bnVsbA==",
          "dependencies": [
            "data.fmc_ips_policies.ips_policy"
          ]
        }
      ]
    },
    {
      "mode": "managed",
      "type": "fmc_network_objects",
      "name": "app_subnet",
      "provider": "provider[\"registry.terraform.io/ciscodevnet/fmc\"]",
      "instances": [
        {
          "schema_version": 0,
          "attributes": {
            "description": "App Network",
            "id": "02A9FCB3-A83B-0ed3-0000-004294993785",
            "name": "gwlb-test6-app_subnet",
            "type": "Network",
            "value": "10.1.1.0/24"
          },
          "sensitive_attributes": [],
          "private": "bnVsbA=="
        }
      ]
    },
    {
      "mode": "managed",
      "type": "local_file",
      "name": "lab_info",
      "provider": "provider[\"registry.terraform.io/hashicorp/local\"]",
      "instances": [
        {
          "schema_version": 0,
          "attributes": {
            "content": "FTD SSH  = ssh -i \"gwlb-test6-private-key.pem\" admin@ec2-18-206-166-102.compute-1.amazonaws.com\nAPP SSH  = ssh -i \"gwlb-test6-private-key.pem\" ec2-user@ec2-3-209-11-240.compute-1.amazonaws.com\n",
            "content_base64": null,
            "content_base64sha256": "fx9ifHSVjL85lJhI5jcv2/TQeAU7/tWnfT2rty1AZb0=",
            "content_base64sha512": "nDJJjZuhBnOxYeOA4m4L46QwjM7MuDXQPAkgMJJzrBNuNtVaiiEufHpZq1jlZ2iCSbTOULsvC+ZDdubBVXyg2A==",
            "content_md5": "364b6f2b3046d55a7e75f495e2ebffca",
            "content_sha1": "63fcb423a8962e09376f768c697546da695d7e1a",
            "content_sha256": "7f1f627c74958cbf39949848e6372fdbf4d078053bfed5a77d3dabb72d4065bd",
            "content_sha512": "9c32498d9ba10673b161e380e26e0be3a4308cceccb835d03c0920309273ac136e36d55a8a212e7c7a59ab58e567688249b4ce50bb2f0be64376e6c1557ca0d8",
            "directory_permission": "0777",
            "file_permission": "0777",
            "filename": "./lab_info.txt",
            "id": "63fcb423a8962e09376f768c697546da695d7e1a",
            "sensitive_content": null,
            "source": null
          },
          "sensitive_attributes": [],
          "dependencies": [
            "aws_eip.ftd-mgmt-EIP",
            "aws_instance.app",
            "aws_instance.ftd",
            "aws_internet_gateway.mgmt_igw",
            "aws_key_pair.public_key",
            "aws_network_interface.ftd_ccl",
            "aws_network_interface.ftd_data",
            "aws_network_interface.ftd_diagnostic",
            "aws_network_interface.ftd_management",
            "aws_security_group.app-sg",
            "aws_security_group.data-sg",
            "aws_subnet.app_subnet",
            "aws_subnet.ccl_subnet",
            "aws_subnet.data_subnet",
            "aws_subnet.mgmt_subnet",
            "aws_vpc.app_vpc",
            "aws_vpc.srvc_vpc",
            "data.aws_ami.ami_linux",
            "data.aws_ami.ftdv",
            "local_file.this",
            "random_string.id",
            "tls_private_key.key_pair"
          ]
        }
      ]
    },
    {
      "mode": "managed",
      "type": "local_file",
      "name": "this",
      "provider": "provider[\"registry.terraform.io/hashicorp/local\"]",
      "instances": [
        {
          "schema_version": 0,
          "attributes": {
            "content": "-----BEGIN OPENSSH PRIVATE KEY-----\nb3BlbnNzaC1rZXktdjEAAAAABG5vbmUAAAAEbm9uZQAAAAAAAAABAAAAMwAAAAtz\nc2gtZWQyNTUxOQAAACBMW6RADhK4F4lZ2qRTb1Cbm6XbJdPpamAW2J3s54eN7AAA\nAIhnYltcZ2JbXAAAAAtzc2gtZWQyNTUxOQAAACBMW6RADhK4F4lZ2qRTb1Cbm6Xb\nJdPpamAW2J3s54eN7AAAAEDgiGQp6+GfjSTmwPSelqba8SoFSrrgb59/5jdxUWAv\njExbpEAOErgXiVnapFNvUJubpdsl0+lqYBbYneznh43sAAAAAAECAwQF\n-----END OPENSSH PRIVATE KEY-----\n",
            "content_base64": null,
            "content_base64sha256": "lv3TTbZWFlXxi8mNObBIk3evWr6sv4+l8tpsxubCB78=",
            "content_base64sha512": "qSWTYgIEPH1YehBGzJMwb1WktaHyJ6p2oGk+R8Q3TZWXYX5JKRbqffnitnFpFSmsh4+02Lo/QULdxjHF/gE6Ig==",
            "content_md5": "8c609075ddfc519a9c70c22c9dae7344",
            "content_sha1": "da97945e4f66cb5903cfca3b97448d531c19563b",
            "content_sha256": "96fdd34db6561655f18bc98d39b0489377af5abeacbf8fa5f2da6cc6e6c207bf",
            "content_sha512": "a925936202043c7d587a1046cc93306f55a4b5a1f227aa76a0693e47c4374d9597617e492916ea7df9e2b671691529ac878fb4d8ba3f4142ddc631c5fe013a22",
            "directory_permission": "0777",
            "file_permission": "600",
            "filename": "gwlb-test6-private-key.pem",
            "id": "da97945e4f66cb5903cfca3b97448d531c19563b",
            "sensitive_content": null,
            "source": null
          },
          "sensitive_attributes": [
            [
              {
                "type": "get_attr",
                "value": "content"
              }
            ]
          ],
          "dependencies": [
            "tls_private_key.key_pair"
          ]
        }
      ]
    },
    {
      "mode": "managed",
      "type": "random_string",
      "name": "id",
      "provider": "provider[\"registry.terraform.io/hashicorp/random\"]",
      "instances": [
        {
          "schema_version": 2,
          "attributes": {
            "id": "0265",
            "keepers": null,
            "length": 4,
            "lower": true,
            "min_lower": 0,
            "min_numeric": 4,
            "min_special": 0,
            "min_upper": 0,
            "number": true,
            "numeric": true,
            "override_special": null,
            "result": "0265",
            "special": false,
            "upper": true
          },
          "sensitive_attributes": []
        }
      ]
    },
    {
      "mode": "managed",
      "type": "time_sleep",
      "name": "fw",
      "provider": "provider[\"registry.terraform.io/hashicorp/time\"]",
      "instances": [
        {
          "schema_version": 0,
          "attributes": {
            "create_duration": "180s",
            "destroy_duration": null,
            "id": "2024-05-23T19:19:06Z",
            "triggers": null
          },
          "sensitive_attributes": [],
          "dependencies": [
            "aws_lb.gwlb",
            "aws_subnet.data_subnet",
            "aws_vpc.app_vpc",
            "aws_vpc.srvc_vpc",
            "aws_vpc_endpoint.fw",
            "aws_vpc_endpoint_service.gwlb"
          ]
        }
      ]
    },
    {
      "mode": "managed",
      "type": "tls_private_key",
      "name": "key_pair",
      "provider": "provider[\"registry.terraform.io/hashicorp/tls\"]",
      "instances": [
        {
          "schema_version": 1,
          "attributes": {
            "algorithm": "ED25519",
            "ecdsa_curve": "P224",
            "id": "01af876e69058d97a15b281d946c22a3e155235e",
            "private_key_openssh": "-----BEGIN OPENSSH PRIVATE KEY-----\nb3BlbnNzaC1rZXktdjEAAAAABG5vbmUAAAAEbm9uZQAAAAAAAAABAAAAMwAAAAtz\nc2gtZWQyNTUxOQAAACBMW6RADhK4F4lZ2qRTb1Cbm6XbJdPpamAW2J3s54eN7AAA\nAIhnYltcZ2JbXAAAAAtzc2gtZWQyNTUxOQAAACBMW6RADhK4F4lZ2qRTb1Cbm6Xb\nJdPpamAW2J3s54eN7AAAAEDgiGQp6+GfjSTmwPSelqba8SoFSrrgb59/5jdxUWAv\njExbpEAOErgXiVnapFNvUJubpdsl0+lqYBbYneznh43sAAAAAAECAwQF\n-----END OPENSSH PRIVATE KEY-----\n",
            "private_key_pem": "-----BEGIN PRIVATE KEY-----\nMC4CAQAwBQYDK2VwBCIEIOCIZCnr4Z+NJObA9J6WptrxKgVKuuBvn3/mN3FRYC+M\n-----END PRIVATE KEY-----\n",
            "private_key_pem_pkcs8": "-----BEGIN PRIVATE KEY-----\nMC4CAQAwBQYDK2VwBCIEIOCIZCnr4Z+NJObA9J6WptrxKgVKuuBvn3/mN3FRYC+M\n-----END PRIVATE KEY-----\n",
            "public_key_fingerprint_md5": "ec:48:e8:b9:26:af:58:d3:1a:43:19:69:f8:07:c1:b9",
            "public_key_fingerprint_sha256": "SHA256:wqY+WCM/pXmRRm8mm+vSkLsBapJERh7+SUz550hlm3A",
            "public_key_openssh": "ssh-ed25519 AAAAC3NzaC1lZDI1NTE5AAAAIExbpEAOErgXiVnapFNvUJubpdsl0+lqYBbYneznh43s\n",
            "public_key_pem": "-----BEGIN PUBLIC KEY-----\nMCowBQYDK2VwAyEATFukQA4SuBeJWdqkU29Qm5ul2yXT6WpgFtid7OeHjew=\n-----END PUBLIC KEY-----\n",
            "rsa_bits": 2048
          },
          "sensitive_attributes": []
        }
      ]
    }
  ]
}
